// !$*UTF8*$!
{
	archiveVersion = 1;
	classes = {
	};
	objectVersion = 46;
	objects = {

/* Begin PBXBuildFile section */
		F1244B9C1F209D9D004CED88 /* AppDelegate.swift in Sources */ = {isa = PBXBuildFile; fileRef = F1244B9B1F209D9D004CED88 /* AppDelegate.swift */; };
		F1244B9E1F209D9D004CED88 /* ViewController.swift in Sources */ = {isa = PBXBuildFile; fileRef = F1244B9D1F209D9D004CED88 /* ViewController.swift */; };
		F1244BA11F209D9D004CED88 /* Main.storyboard in Resources */ = {isa = PBXBuildFile; fileRef = F1244B9F1F209D9D004CED88 /* Main.storyboard */; };
		F1244BA31F209D9D004CED88 /* Assets.xcassets in Resources */ = {isa = PBXBuildFile; fileRef = F1244BA21F209D9D004CED88 /* Assets.xcassets */; };
		F1244BA61F209D9D004CED88 /* LaunchScreen.storyboard in Resources */ = {isa = PBXBuildFile; fileRef = F1244BA41F209D9D004CED88 /* LaunchScreen.storyboard */; };
/* End PBXBuildFile section */

/* Begin PBXFileReference section */
		F1244B981F209D9D004CED88 /* pokeMa.app */ = {isa = PBXFileReference; explicitFileType = wrapper.application; includeInIndex = 0; path = pokeMa.app; sourceTree = BUILT_PRODUCTS_DIR; };
		F1244B9B1F209D9D004CED88 /* AppDelegate.swift */ = {isa = PBXFileReference; lastKnownFileType = sourcecode.swift; path = AppDelegate.swift; sourceTree = "<group>"; };
		F1244B9D1F209D9D004CED88 /* ViewController.swift */ = {isa = PBXFileReference; lastKnownFileType = sourcecode.swift; path = ViewController.swift; sourceTree = "<group>"; };
		F1244BA01F209D9D004CED88 /* Base */ = {isa = PBXFileReference; lastKnownFileType = file.storyboard; name = Base; path = Base.lproj/Main.storyboard; sourceTree = "<group>"; };
		F1244BA21F209D9D004CED88 /* Assets.xcassets */ = {isa = PBXFileReference; lastKnownFileType = folder.assetcatalog; path = Assets.xcassets; sourceTree = "<group>"; };
		F1244BA51F209D9D004CED88 /* Base */ = {isa = PBXFileReference; lastKnownFileType = file.storyboard; name = Base; path = Base.lproj/LaunchScreen.storyboard; sourceTree = "<group>"; };
		F1244BA71F209D9D004CED88 /* Info.plist */ = {isa = PBXFileReference; lastKnownFileType = text.plist.xml; path = Info.plist; sourceTree = "<group>"; };
/* End PBXFileReference section */

/* Begin PBXFrameworksBuildPhase section */
		F1244B951F209D9D004CED88 /* Frameworks */ = {
			isa = PBXFrameworksBuildPhase;
			buildActionMask = 2147483647;
			files = (
			);
			runOnlyForDeploymentPostprocessing = 0;
		};
/* End PBXFrameworksBuildPhase section */

/* Begin PBXGroup section */
		F1244B8F1F209D9D004CED88 = {
			isa = PBXGroup;
			children = (
				F1244B9A1F209D9D004CED88 /* pokeMa */,
				F1244B991F209D9D004CED88 /* Products */,
			);
			sourceTree = "<group>";
		};
		F1244B991F209D9D004CED88 /* Products */ = {
			isa = PBXGroup;
			children = (
				F1244B981F209D9D004CED88 /* pokeMa.app */,
			);
			name = Products;
			sourceTree = "<group>";
		};
		F1244B9A1F209D9D004CED88 /* pokeMa */ = {
			isa = PBXGroup;
			children = (
				F1244B9B1F209D9D004CED88 /* AppDelegate.swift */,
				F1244B9D1F209D9D004CED88 /* ViewController.swift */,
				F1244B9F1F209D9D004CED88 /* Main.storyboard */,
				F1244BA21F209D9D004CED88 /* Assets.xcassets */,
				F1244BA41F209D9D004CED88 /* LaunchScreen.storyboard */,
				F1244BA71F209D9D004CED88 /* Info.plist */,
			);
			path = pokeMa;
			sourceTree = "<group>";
		};
/* End PBXGroup section */

/* Begin PBXNativeTarget section */
		F1244B971F209D9D004CED88 /* pokeMa */ = {
			isa = PBXNativeTarget;
			buildConfigurationList = F1244BAA1F209D9D004CED88 /* Build configuration list for PBXNativeTarget "pokeMa" */;
			buildPhases = (
				F1244B941F209D9D004CED88 /* Sources */,
				F1244B951F209D9D004CED88 /* Frameworks */,
				F1244B961F209D9D004CED88 /* Resources */,
			);
			buildRules = (
			);
			dependencies = (
			);
			name = pokeMa;
			productName = pokeMa;
			productReference = F1244B981F209D9D004CED88 /* pokeMa.app */;
			productType = "com.apple.product-type.application";
		};
/* End PBXNativeTarget section */

/* Begin PBXProject section */
		F1244B901F209D9D004CED88 /* Project object */ = {
			isa = PBXProject;
			attributes = {
				LastSwiftUpdateCheck = 0830;
				LastUpgradeCheck = 0830;
				ORGANIZATIONNAME = "Mohsen Fahimi";
				TargetAttributes = {
					F1244B971F209D9D004CED88 = {
						CreatedOnToolsVersion = 8.3;
						ProvisioningStyle = Automatic;
					};
				};
			};
			buildConfigurationList = F1244B931F209D9D004CED88 /* Build configuration list for PBXProject "pokeMa" */;
			compatibilityVersion = "Xcode 3.2";
			developmentRegion = English;
			hasScannedForEncodings = 0;
			knownRegions = (
				en,
				Base,
			);
			mainGroup = F1244B8F1F209D9D004CED88;
			productRefGroup = F1244B991F209D9D004CED88 /* Products */;
			projectDirPath = "";
			projectRoot = "";
			targets = (
				F1244B971F209D9D004CED88 /* pokeMa */,
			);
		};
/* End PBXProject section */

/* Begin PBXResourcesBuildPhase section */
		F1244B961F209D9D004CED88 /* Resources */ = {
			isa = PBXResourcesBuildPhase;
			buildActionMask = 2147483647;
			files = (
				F1244BA61F209D9D004CED88 /* LaunchScreen.storyboard in Resources */,
				F1244BA31F209D9D004CED88 /* Assets.xcassets in Resources */,
				F1244BA11F209D9D004CED88 /* Main.storyboard in Resources */,
			);
			runOnlyForDeploymentPostprocessing = 0;
		};
/* End PBXResourcesBuildPhase section */

/* Begin PBXSourcesBuildPhase section */
		F1244B941F209D9D004CED88 /* Sources */ = {
			isa = PBXSourcesBuildPhase;
			buildActionMask = 2147483647;
			files = (
				F1244B9E1F209D9D004CED88 /* ViewController.swift in Sources */,
				F1244B9C1F209D9D004CED88 /* AppDelegate.swift in Sources */,
			);
			runOnlyForDeploymentPostprocessing = 0;
		};
/* End PBXSourcesBuildPhase section */

/* Begin PBXVariantGroup section */
		F1244B9F1F209D9D004CED88 /* Main.storyboard */ = {
			isa = PBXVariantGroup;
			children = (
				F1244BA01F209D9D004CED88 /* Base */,
			);
			name = Main.storyboard;
			sourceTree = "<group>";
		};
		F1244BA41F209D9D004CED88 /* LaunchScreen.storyboard */ = {
			isa = PBXVariantGroup;
			children = (
				F1244BA51F209D9D004CED88 /* Base */,
			);
			name = LaunchScreen.storyboard;
			sourceTree = "<group>";
		};
/* End PBXVariantGroup section */

/* Begin XCBuildConfiguration section */
		F1244BA81F209D9D004CED88 /* Debug */ = {
			isa = XCBuildConfiguration;
			buildSettings = {
				ALWAYS_SEARCH_USER_PATHS = NO;
				CLANG_ANALYZER_NONNULL = YES;
				CLANG_ANALYZER_NUMBER_OBJECT_CONVERSION = YES_AGGRESSIVE;
				CLANG_CXX_LANGUAGE_STANDARD = "gnu++0x";
				CLANG_CXX_LIBRARY = "libc++";
				CLANG_ENABLE_MODULES = YES;
				CLANG_ENABLE_OBJC_ARC = YES;
				CLANG_WARN_BOOL_CONVERSION = YES;
				CLANG_WARN_CONSTANT_CONVERSION = YES;
				CLANG_WARN_DIRECT_OBJC_ISA_USAGE = YES_ERROR;
				CLANG_WARN_DOCUMENTATION_COMMENTS = YES;
				CLANG_WARN_EMPTY_BODY = YES;
				CLANG_WARN_ENUM_CONVERSION = YES;
				CLANG_WARN_INFINITE_RECURSION = YES;
				CLANG_WARN_INT_CONVERSION = YES;
				CLANG_WARN_OBJC_ROOT_CLASS = YES_ERROR;
				CLANG_WARN_SUSPICIOUS_MOVE = YES;
				CLANG_WARN_UNREACHABLE_CODE = YES;
				CLANG_WARN__DUPLICATE_METHOD_MATCH = YES;
				"CODE_SIGN_IDENTITY[sdk=iphoneos*]" = "iPhone Developer";
				COPY_PHASE_STRIP = NO;
				DEBUG_INFORMATION_FORMAT = dwarf;
				ENABLE_STRICT_OBJC_MSGSEND = YES;
				ENABLE_TESTABILITY = YES;
				GCC_C_LANGUAGE_STANDARD = gnu99;
				GCC_DYNAMIC_NO_PIC = NO;
				GCC_NO_COMMON_BLOCKS = YES;
				GCC_OPTIMIZATION_LEVEL = 0;
				GCC_PREPROCESSOR_DEFINITIONS = (
					"DEBUG=1",
					"$(inherited)",
				);
				GCC_WARN_64_TO_32_BIT_CONVERSION = YES;
				GCC_WARN_ABOUT_RETURN_TYPE = YES_ERROR;
				GCC_WARN_UNDECLARED_SELECTOR = YES;
				GCC_WARN_UNINITIALIZED_AUTOS = YES_AGGRESSIVE;
				GCC_WARN_UNUSED_FUNCTION = YES;
				GCC_WARN_UNUSED_VARIABLE = YES;
				IPHONEOS_DEPLOYMENT_TARGET = 10.3;
				MTL_ENABLE_DEBUG_INFO = YES;
				ONLY_ACTIVE_ARCH = YES;
				SDKROOT = iphoneos;
				SWIFT_ACTIVE_COMPILATION_CONDITIONS = DEBUG;
				SWIFT_OPTIMIZATION_LEVEL = "-Onone";
			};
			name = Debug;
		};
		F1244BA91F209D9D004CED88 /* Release */ = {
			isa = XCBuildConfiguration;
			buildSettings = {
				ALWAYS_SEARCH_USER_PATHS = NO;
				CLANG_ANALYZER_NONNULL = YES;
				CLANG_ANALYZER_NUMBER_OBJECT_CONVERSION = YES_AGGRESSIVE;
				CLANG_CXX_LANGUAGE_STANDARD = "gnu++0x";
				CLANG_CXX_LIBRARY = "libc++";
				CLANG_ENABLE_MODULES = YES;
				CLANG_ENABLE_OBJC_ARC = YES;
				CLANG_WARN_BOOL_CONVERSION = YES;
				CLANG_WARN_CONSTANT_CONVERSION = YES;
				CLANG_WARN_DIRECT_OBJC_ISA_USAGE = YES_ERROR;
				CLANG_WARN_DOCUMENTATION_COMMENTS = YES;
				CLANG_WARN_EMPTY_BODY = YES;
				CLANG_WARN_ENUM_CONVERSION = YES;
				CLANG_WARN_INFINITE_RECURSION = YES;
				CLANG_WARN_INT_CONVERSION = YES;
				CLANG_WARN_OBJC_ROOT_CLASS = YES_ERROR;
				CLANG_WARN_SUSPICIOUS_MOVE = YES;
				CLANG_WARN_UNREACHABLE_CODE = YES;
				CLANG_WARN__DUPLICATE_METHOD_MATCH = YES;
				"CODE_SIGN_IDENTITY[sdk=iphoneos*]" = "iPhone Developer";
				COPY_PHASE_STRIP = NO;
				DEBUG_INFORMATION_FORMAT = "dwarf-with-dsym";
				ENABLE_NS_ASSERTIONS = NO;
				ENABLE_STRICT_OBJC_MSGSEND = YES;
				GCC_C_LANGUAGE_STANDARD = gnu99;
				GCC_NO_COMMON_BLOCKS = YES;
				GCC_WARN_64_TO_32_BIT_CONVERSION = YES;
				GCC_WARN_ABOUT_RETURN_TYPE = YES_ERROR;
				GCC_WARN_UNDECLARED_SELECTOR = YES;
				GCC_WARN_UNINITIALIZED_AUTOS = YES_AGGRESSIVE;
				GCC_WARN_UNUSED_FUNCTION = YES;
				GCC_WARN_UNUSED_VARIABLE = YES;
				IPHONEOS_DEPLOYMENT_TARGET = 10.3;
				MTL_ENABLE_DEBUG_INFO = NO;
				SDKROOT = iphoneos;
				SWIFT_OPTIMIZATION_LEVEL = "-Owholemodule";
				VALIDATE_PRODUCT = YES;
			};
			name = Release;
		};
		F1244BAB1F209D9D004CED88 /* Debug */ = {
			isa = XCBuildConfiguration;
			buildSettings = {
				ASSETCATALOG_COMPILER_APPICON_NAME = AppIcon;
				INFOPLIST_FILE = pokeMa/Info.plist;
				LD_RUNPATH_SEARCH_PATHS = "$(inherited) @executable_path/Frameworks";
				PRODUCT_BUNDLE_IDENTIFIER = mohsenfahimi.pokeMa;
				PRODUCT_NAME = "$(TARGET_NAME)";
				SWIFT_VERSION = 3.0;
			};
			name = Debug;
		};
		F1244BAC1F209D9D004CED88 /* Release */ = {
			isa = XCBuildConfiguration;
			buildSettings = {
				ASSETCATALOG_COMPILER_APPICON_NAME = AppIcon;
				INFOPLIST_FILE = pokeMa/Info.plist;
				LD_RUNPATH_SEARCH_PATHS = "$(inherited) @executable_path/Frameworks";
				PRODUCT_BUNDLE_IDENTIFIER = mohsenfahimi.pokeMa;
				PRODUCT_NAME = "$(TARGET_NAME)";
				SWIFT_VERSION = 3.0;
			};
			name = Release;
		};
/* End XCBuildConfiguration section */

/* Begin XCConfigurationList section */
		F1244B931F209D9D004CED88 /* Build configuration list for PBXProject "pokeMa" */ = {
			isa = XCConfigurationList;
			buildConfigurations = (
				F1244BA81F209D9D004CED88 /* Debug */,
				F1244BA91F209D9D004CED88 /* Release */,
			);
			defaultConfigurationIsVisible = 0;
			defaultConfigurationName = Release;
		};
		F1244BAA1F209D9D004CED88 /* Build configuration list for PBXNativeTarget "pokeMa" */ = {
			isa = XCConfigurationList;
			buildConfigurations = (
				F1244BAB1F209D9D004CED88 /* Debug */,
				F1244BAC1F209D9D004CED88 /* Release */,
			);
			defaultConfigurationIsVisible = 0;
		};
/* End XCConfigurationList section */
	};
	rootObject = F1244B901F209D9D004CED88 /* Project object */;
}
